
Microsoft Visual Studio Solution File, Format Version 12.00
# Visual Studio Version 17
VisualStudioVersion = 17.3.32929.385
MinimumVisualStudioVersion = 10.0.40219.1
Project("{FAE04EC0-301F-11D3-BF4B-00C04F79EFBC}") = "AAA", "AAA\AAA.csproj", "{23A0AD55-CF72-4DB7-8875-D27DE0A2FE02}"
EndProject
Global
	GlobalSection(SolutionConfigurationPlatforms) = preSolution
		Debug|Any CPU = Debug|Any CPU
		Release|Any CPU = Release|Any CPU
	EndGlobalSection
	GlobalSection(ProjectConfigurationPlatforms) = postSolution
		{23A0AD55-CF72-4DB7-8875-D27DE0A2FE02}.Debug|Any CPU.ActiveCfg = Debug|Any CPU
		{23A0AD55-CF72-4DB7-8875-D27DE0A2FE02}.Debug|Any CPU.Build.0 = Debug|Any CPU
		{23A0AD55-CF72-4DB7-8875-D27DE0A2FE02}.Release|Any CPU.ActiveCfg = Release|Any CPU
		{23A0AD55-CF72-4DB7-8875-D27DE0A2FE02}.Release|Any CPU.Build.0 = Release|Any CPU
	EndGlobalSection
	GlobalSection(SolutionProperties) = preSolution
		HideSolutionNode = FALSE
	EndGlobalSection
	GlobalSection(ExtensibilityGlobals) = postSolution
		SolutionGuid = {1525B843-B760-446B-8973-63A087AA67F7}
	EndGlobalSection
EndGlobal
